
Microsoft Visual Studio Solution File, Format Version 12.00
# Visual Studio 15
VisualStudioVersion = 15.0.27130.2026
MinimumVisualStudioVersion = 10.0.40219.1
Project("{FAE04EC0-301F-11D3-BF4B-00C04F79EFBC}") = "0ca181a8-3bca-4e14-aaec-635fb5f7cb6a", "0ca181a8-3bca-4e14-aaec-635fb5f7cb6a\0ca181a8-3bca-4e14-aaec-635fb5f7cb6a.csproj", "{85217C38-3468-4054-A9E3-F334E6AD9D08}"
EndProject
Global
	GlobalSection(SolutionConfigurationPlatforms) = preSolution
		Debug|x86 = Debug|x86
		Release|x86 = Release|x86
	EndGlobalSection
	GlobalSection(ProjectConfigurationPlatforms) = postSolution
		{85217C38-3468-4054-A9E3-F334E6AD9D08}.Debug|x86.ActiveCfg = Debug|x86
		{85217C38-3468-4054-A9E3-F334E6AD9D08}.Debug|x86.Build.0 = Debug|x86
		{85217C38-3468-4054-A9E3-F334E6AD9D08}.Release|x86.ActiveCfg = Release|x86
		{85217C38-3468-4054-A9E3-F334E6AD9D08}.Release|x86.Build.0 = Release|x86
	EndGlobalSection
	GlobalSection(SolutionProperties) = preSolution
		HideSolutionNode = FALSE
	EndGlobalSection
	GlobalSection(ExtensibilityGlobals) = postSolution
		SolutionGuid = {F2ED3587-34D8-4788-B607-1D13457B627D}
	EndGlobalSection
EndGlobal
